
Microsoft Visual Studio Solution File, Format Version 12.00
# Visual Studio Version 17
VisualStudioVersion = 17.5.33502.453
MinimumVisualStudioVersion = 10.0.40219.1
Project("{9A19103F-16F7-4668-BE54-9A1E7A4F7556}") = "Backend.Api", "Backend.Api.csproj", "{0A62F8CA-F888-4E3D-AF8A-3B15FD9BF8AE}"
EndProject
Project("{9A19103F-16F7-4668-BE54-9A1E7A4F7556}") = "Backend.Domain", "..\Backend.Domain\Backend.Domain.csproj", "{EE29FA69-0597-42DB-8AA7-3FBA979BEB58}"
EndProject
Project("{9A19103F-16F7-4668-BE54-9A1E7A4F7556}") = "Backend.Infra", "..\Backend.Infra\Backend.Infra.csproj", "{5B976981-1DEB-48BF-84B5-BB657BBFB1F1}"
EndProject
Project("{9A19103F-16F7-4668-BE54-9A1E7A4F7556}") = "Backend.Ioc", "..\Backend.Ioc\Backend.Ioc.csproj", "{D8ED95E5-99BC-454F-860C-38E138FB54FD}"
EndProject
Project("{FAE04EC0-301F-11D3-BF4B-00C04F79EFBC}") = "Backend.CrossCutting", "..\Backend.CrossCutting\Backend.CrossCutting.csproj", "{0B67D44E-8B99-4A40-92BA-30E204F1A501}"
EndProject
Global
	GlobalSection(SolutionConfigurationPlatforms) = preSolution
		Debug|Any CPU = Debug|Any CPU
		Release|Any CPU = Release|Any CPU
	EndGlobalSection
	GlobalSection(ProjectConfigurationPlatforms) = postSolution
		{0A62F8CA-F888-4E3D-AF8A-3B15FD9BF8AE}.Debug|Any CPU.ActiveCfg = Debug|Any CPU
		{0A62F8CA-F888-4E3D-AF8A-3B15FD9BF8AE}.Debug|Any CPU.Build.0 = Debug|Any CPU
		{0A62F8CA-F888-4E3D-AF8A-3B15FD9BF8AE}.Release|Any CPU.ActiveCfg = Release|Any CPU
		{0A62F8CA-F888-4E3D-AF8A-3B15FD9BF8AE}.Release|Any CPU.Build.0 = Release|Any CPU
		{EE29FA69-0597-42DB-8AA7-3FBA979BEB58}.Debug|Any CPU.ActiveCfg = Debug|Any CPU
		{EE29FA69-0597-42DB-8AA7-3FBA979BEB58}.Debug|Any CPU.Build.0 = Debug|Any CPU
		{EE29FA69-0597-42DB-8AA7-3FBA979BEB58}.Release|Any CPU.ActiveCfg = Release|Any CPU
		{EE29FA69-0597-42DB-8AA7-3FBA979BEB58}.Release|Any CPU.Build.0 = Release|Any CPU
		{5B976981-1DEB-48BF-84B5-BB657BBFB1F1}.Debug|Any CPU.ActiveCfg = Debug|Any CPU
		{5B976981-1DEB-48BF-84B5-BB657BBFB1F1}.Debug|Any CPU.Build.0 = Debug|Any CPU
		{5B976981-1DEB-48BF-84B5-BB657BBFB1F1}.Release|Any CPU.ActiveCfg = Release|Any CPU
		{5B976981-1DEB-48BF-84B5-BB657BBFB1F1}.Release|Any CPU.Build.0 = Release|Any CPU
		{D8ED95E5-99BC-454F-860C-38E138FB54FD}.Debug|Any CPU.ActiveCfg = Debug|Any CPU
		{D8ED95E5-99BC-454F-860C-38E138FB54FD}.Debug|Any CPU.Build.0 = Debug|Any CPU
		{D8ED95E5-99BC-454F-860C-38E138FB54FD}.Release|Any CPU.ActiveCfg = Release|Any CPU
		{D8ED95E5-99BC-454F-860C-38E138FB54FD}.Release|Any CPU.Build.0 = Release|Any CPU
		{0B67D44E-8B99-4A40-92BA-30E204F1A501}.Debug|Any CPU.ActiveCfg = Debug|Any CPU
		{0B67D44E-8B99-4A40-92BA-30E204F1A501}.Debug|Any CPU.Build.0 = Debug|Any CPU
		{0B67D44E-8B99-4A40-92BA-30E204F1A501}.Release|Any CPU.ActiveCfg = Release|Any CPU
		{0B67D44E-8B99-4A40-92BA-30E204F1A501}.Release|Any CPU.Build.0 = Release|Any CPU
	EndGlobalSection
	GlobalSection(SolutionProperties) = preSolution
		HideSolutionNode = FALSE
	EndGlobalSection
	GlobalSection(ExtensibilityGlobals) = postSolution
		SolutionGuid = {037643F6-72B1-459C-8947-018D7B67C2E1}
	EndGlobalSection
EndGlobal
